
Microsoft Visual Studio Solution File, Format Version 12.00
# Visual Studio Version 17
VisualStudioVersion = 17.7.34031.279
MinimumVisualStudioVersion = 10.0.40219.1
Project("{FAE04EC0-301F-11D3-BF4B-00C04F79EFBC}") = "Zadanie5", "Zadanie5\Zadanie5.csproj", "{EA2AC7D2-47A4-48F1-9C0C-2E82CB9A8BD7}"
EndProject
Global
	GlobalSection(SolutionConfigurationPlatforms) = preSolution
		Debug|Any CPU = Debug|Any CPU
		Release|Any CPU = Release|Any CPU
	EndGlobalSection
	GlobalSection(ProjectConfigurationPlatforms) = postSolution
		{EA2AC7D2-47A4-48F1-9C0C-2E82CB9A8BD7}.Debug|Any CPU.ActiveCfg = Debug|Any CPU
		{EA2AC7D2-47A4-48F1-9C0C-2E82CB9A8BD7}.Debug|Any CPU.Build.0 = Debug|Any CPU
		{EA2AC7D2-47A4-48F1-9C0C-2E82CB9A8BD7}.Release|Any CPU.ActiveCfg = Release|Any CPU
		{EA2AC7D2-47A4-48F1-9C0C-2E82CB9A8BD7}.Release|Any CPU.Build.0 = Release|Any CPU
	EndGlobalSection
	GlobalSection(SolutionProperties) = preSolution
		HideSolutionNode = FALSE
	EndGlobalSection
	GlobalSection(ExtensibilityGlobals) = postSolution
		SolutionGuid = {0CE55AE8-68A6-4AA8-8ACF-C49F629616CF}
	EndGlobalSection
EndGlobal
