
Microsoft Visual Studio Solution File, Format Version 12.00
# Visual Studio Version 17
VisualStudioVersion = 17.7.34031.279
MinimumVisualStudioVersion = 10.0.40219.1
Project("{FAE04EC0-301F-11D3-BF4B-00C04F79EFBC}") = "Zadanie4", "Zadanie4\Zadanie4.csproj", "{238D6B32-3095-453A-BD64-3A433B04CDD7}"
EndProject
Global
	GlobalSection(SolutionConfigurationPlatforms) = preSolution
		Debug|Any CPU = Debug|Any CPU
		Release|Any CPU = Release|Any CPU
	EndGlobalSection
	GlobalSection(ProjectConfigurationPlatforms) = postSolution
		{238D6B32-3095-453A-BD64-3A433B04CDD7}.Debug|Any CPU.ActiveCfg = Debug|Any CPU
		{238D6B32-3095-453A-BD64-3A433B04CDD7}.Debug|Any CPU.Build.0 = Debug|Any CPU
		{238D6B32-3095-453A-BD64-3A433B04CDD7}.Release|Any CPU.ActiveCfg = Release|Any CPU
		{238D6B32-3095-453A-BD64-3A433B04CDD7}.Release|Any CPU.Build.0 = Release|Any CPU
	EndGlobalSection
	GlobalSection(SolutionProperties) = preSolution
		HideSolutionNode = FALSE
	EndGlobalSection
	GlobalSection(ExtensibilityGlobals) = postSolution
		SolutionGuid = {867E9CC8-771E-4541-BF71-1FB0C29F52AD}
	EndGlobalSection
EndGlobal
